// !$*UTF8*$!
{
	archiveVersion = 1;
	classes = {
	};
	objectVersion = 50;
	objects = {

/* Begin PBXBuildFile section */
		8E409C74113224946C759EA4 /* Pods_RocksPodmacOS.framework in Frameworks */ = {isa = PBXBuildFile; fileRef = F61775999471F1E39ADDA7C8 /* Pods_RocksPodmacOS.framework */; };
		D460BDB520B7028200571CDD /* AppDelegate.swift in Sources */ = {isa = PBXBuildFile; fileRef = D460BDB420B7028200571CDD /* AppDelegate.swift */; };
		D460BDB720B7028300571CDD /* Assets.xcassets in Resources */ = {isa = PBXBuildFile; fileRef = D460BDB620B7028300571CDD /* Assets.xcassets */; };
		D460BDBA20B7028300571CDD /* MainMenu.xib in Resources */ = {isa = PBXBuildFile; fileRef = D460BDB820B7028300571CDD /* MainMenu.xib */; };
/* End PBXBuildFile section */

/* Begin PBXFileReference section */
		8F9444B64D188D3DF0B3642C /* Pods-RocksPodmacOS.release.xcconfig */ = {isa = PBXFileReference; includeInIndex = 1; lastKnownFileType = text.xcconfig; name = "Pods-RocksPodmacOS.release.xcconfig"; path = "Pods/Target Support Files/Pods-RocksPodmacOS/Pods-RocksPodmacOS.release.xcconfig"; sourceTree = "<group>"; };
		B8A233ABB4D90DD94C904D9F /* Pods-RocksPodmacOS.debug.xcconfig */ = {isa = PBXFileReference; includeInIndex = 1; lastKnownFileType = text.xcconfig; name = "Pods-RocksPodmacOS.debug.xcconfig"; path = "Pods/Target Support Files/Pods-RocksPodmacOS/Pods-RocksPodmacOS.debug.xcconfig"; sourceTree = "<group>"; };
		D460BDB120B7028200571CDD /* RocksPodmacOS.app */ = {isa = PBXFileReference; explicitFileType = wrapper.application; includeInIndex = 0; path = RocksPodmacOS.app; sourceTree = BUILT_PRODUCTS_DIR; };
		D460BDB420B7028200571CDD /* AppDelegate.swift */ = {isa = PBXFileReference; lastKnownFileType = sourcecode.swift; path = AppDelegate.swift; sourceTree = "<group>"; };
		D460BDB620B7028300571CDD /* Assets.xcassets */ = {isa = PBXFileReference; lastKnownFileType = folder.assetcatalog; path = Assets.xcassets; sourceTree = "<group>"; };
		D460BDB920B7028300571CDD /* Base */ = {isa = PBXFileReference; lastKnownFileType = file.xib; name = Base; path = Base.lproj/MainMenu.xib; sourceTree = "<group>"; };
		D460BDBB20B7028300571CDD /* Info.plist */ = {isa = PBXFileReference; lastKnownFileType = text.plist.xml; path = Info.plist; sourceTree = "<group>"; };
		D460BDBC20B7028300571CDD /* RocksPodmacOS.entitlements */ = {isa = PBXFileReference; lastKnownFileType = text.plist.entitlements; path = RocksPodmacOS.entitlements; sourceTree = "<group>"; };
		F61775999471F1E39ADDA7C8 /* Pods_RocksPodmacOS.framework */ = {isa = PBXFileReference; explicitFileType = wrapper.framework; includeInIndex = 0; path = Pods_RocksPodmacOS.framework; sourceTree = BUILT_PRODUCTS_DIR; };
/* End PBXFileReference section */

/* Begin PBXFrameworksBuildPhase section */
		D460BDAE20B7028200571CDD /* Frameworks */ = {
			isa = PBXFrameworksBuildPhase;
			buildActionMask = 2147483647;
			files = (
				8E409C74113224946C759EA4 /* Pods_RocksPodmacOS.framework in Frameworks */,
			);
			runOnlyForDeploymentPostprocessing = 0;
		};
/* End PBXFrameworksBuildPhase section */

/* Begin PBXGroup section */
		4B492BD48EF869371F55A28F /* Frameworks */ = {
			isa = PBXGroup;
			children = (
				F61775999471F1E39ADDA7C8 /* Pods_RocksPodmacOS.framework */,
			);
			name = Frameworks;
			sourceTree = "<group>";
		};
		D460BDA820B7028200571CDD = {
			isa = PBXGroup;
			children = (
				D460BDB320B7028200571CDD /* RocksPodmacOS */,
				D460BDB220B7028200571CDD /* Products */,
				ED8D23012CE5305B49A4334A /* Pods */,
				4B492BD48EF869371F55A28F /* Frameworks */,
			);
			sourceTree = "<group>";
		};
		D460BDB220B7028200571CDD /* Products */ = {
			isa = PBXGroup;
			children = (
				D460BDB120B7028200571CDD /* RocksPodmacOS.app */,
			);
			name = Products;
			sourceTree = "<group>";
		};
		D460BDB320B7028200571CDD /* RocksPodmacOS */ = {
			isa = PBXGroup;
			children = (
				D460BDB420B7028200571CDD /* AppDelegate.swift */,
				D460BDB620B7028300571CDD /* Assets.xcassets */,
				D460BDB820B7028300571CDD /* MainMenu.xib */,
				D460BDBB20B7028300571CDD /* Info.plist */,
				D460BDBC20B7028300571CDD /* RocksPodmacOS.entitlements */,
			);
			path = RocksPodmacOS;
			sourceTree = "<group>";
		};
		ED8D23012CE5305B49A4334A /* Pods */ = {
			isa = PBXGroup;
			children = (
				B8A233ABB4D90DD94C904D9F /* Pods-RocksPodmacOS.debug.xcconfig */,
				8F9444B64D188D3DF0B3642C /* Pods-RocksPodmacOS.release.xcconfig */,
			);
			name = Pods;
			sourceTree = "<group>";
		};
/* End PBXGroup section */

/* Begin PBXNativeTarget section */
		D460BDB020B7028200571CDD /* RocksPodmacOS */ = {
			isa = PBXNativeTarget;
			buildConfigurationList = D460BDBF20B7028300571CDD /* Build configuration list for PBXNativeTarget "RocksPodmacOS" */;
			buildPhases = (
				B552BF2D98E1C1C51FD62212 /* [CP] Check Pods Manifest.lock */,
				D460BDAD20B7028200571CDD /* Sources */,
				D460BDAE20B7028200571CDD /* Frameworks */,
				D460BDAF20B7028200571CDD /* Resources */,
				3BE0BD8407558CA5EF14AEE6 /* [CP] Embed Pods Frameworks */,
				5CC754BDF067441B37CB6936 /* [CP] Copy Pods Resources */,
			);
			buildRules = (
			);
			dependencies = (
			);
			name = RocksPodmacOS;
			productName = RocksPodmacOS;
			productReference = D460BDB120B7028200571CDD /* RocksPodmacOS.app */;
			productType = "com.apple.product-type.application";
		};
/* End PBXNativeTarget section */

/* Begin PBXProject section */
		D460BDA920B7028200571CDD /* Project object */ = {
			isa = PBXProject;
			attributes = {
				LastSwiftUpdateCheck = 0930;
				LastUpgradeCheck = 0930;
				ORGANIZATIONNAME = ObjectiveRocks;
				TargetAttributes = {
					D460BDB020B7028200571CDD = {
						CreatedOnToolsVersion = 9.3;
					};
				};
			};
			buildConfigurationList = D460BDAC20B7028200571CDD /* Build configuration list for PBXProject "RocksPodmacOS" */;
			compatibilityVersion = "Xcode 9.3";
			developmentRegion = en;
			hasScannedForEncodings = 0;
			knownRegions = (
				en,
				Base,
			);
			mainGroup = D460BDA820B7028200571CDD;
			productRefGroup = D460BDB220B7028200571CDD /* Products */;
			projectDirPath = "";
			projectRoot = "";
			targets = (
				D460BDB020B7028200571CDD /* RocksPodmacOS */,
			);
		};
/* End PBXProject section */

/* Begin PBXResourcesBuildPhase section */
		D460BDAF20B7028200571CDD /* Resources */ = {
			isa = PBXResourcesBuildPhase;
			buildActionMask = 2147483647;
			files = (
				D460BDB720B7028300571CDD /* Assets.xcassets in Resources */,
				D460BDBA20B7028300571CDD /* MainMenu.xib in Resources */,
			);
			runOnlyForDeploymentPostprocessing = 0;
		};
/* End PBXResourcesBuildPhase section */

/* Begin PBXShellScriptBuildPhase section */
		3BE0BD8407558CA5EF14AEE6 /* [CP] Embed Pods Frameworks */ = {
			isa = PBXShellScriptBuildPhase;
			buildActionMask = 2147483647;
			files = (
			);
			inputPaths = (
				"${SRCROOT}/Pods/Target Support Files/Pods-RocksPodmacOS/Pods-RocksPodmacOS-frameworks.sh",
				"${BUILT_PRODUCTS_DIR}/ObjectiveRocks/ObjectiveRocks.framework",
			);
			name = "[CP] Embed Pods Frameworks";
			outputPaths = (
				"${TARGET_BUILD_DIR}/${FRAMEWORKS_FOLDER_PATH}/ObjectiveRocks.framework",
			);
			runOnlyForDeploymentPostprocessing = 0;
			shellPath = /bin/sh;
			shellScript = "\"${SRCROOT}/Pods/Target Support Files/Pods-RocksPodmacOS/Pods-RocksPodmacOS-frameworks.sh\"\n";
			showEnvVarsInLog = 0;
		};
		5CC754BDF067441B37CB6936 /* [CP] Copy Pods Resources */ = {
			isa = PBXShellScriptBuildPhase;
			buildActionMask = 2147483647;
			files = (
			);
			inputPaths = (
			);
			name = "[CP] Copy Pods Resources";
			outputPaths = (
			);
			runOnlyForDeploymentPostprocessing = 0;
			shellPath = /bin/sh;
			shellScript = "\"${SRCROOT}/Pods/Target Support Files/Pods-RocksPodmacOS/Pods-RocksPodmacOS-resources.sh\"\n";
			showEnvVarsInLog = 0;
		};
		B552BF2D98E1C1C51FD62212 /* [CP] Check Pods Manifest.lock */ = {
			isa = PBXShellScriptBuildPhase;
			buildActionMask = 2147483647;
			files = (
			);
			inputPaths = (
				"${PODS_PODFILE_DIR_PATH}/Podfile.lock",
				"${PODS_ROOT}/Manifest.lock",
			);
			name = "[CP] Check Pods Manifest.lock";
			outputPaths = (
				"$(DERIVED_FILE_DIR)/Pods-RocksPodmacOS-checkManifestLockResult.txt",
			);
			runOnlyForDeploymentPostprocessing = 0;
			shellPath = /bin/sh;
			shellScript = "diff \"${PODS_PODFILE_DIR_PATH}/Podfile.lock\" \"${PODS_ROOT}/Manifest.lock\" > /dev/null\nif [ $? != 0 ] ; then\n    # print error to STDERR\n    echo \"error: The sandbox is not in sync with the Podfile.lock. Run 'pod install' or update your CocoaPods installation.\" >&2\n    exit 1\nfi\n# This output is used by Xcode 'outputs' to avoid re-running this script phase.\necho \"SUCCESS\" > \"${SCRIPT_OUTPUT_FILE_0}\"\n";
			showEnvVarsInLog = 0;
		};
/* End PBXShellScriptBuildPhase section */

/* Begin PBXSourcesBuildPhase section */
		D460BDAD20B7028200571CDD /* Sources */ = {
			isa = PBXSourcesBuildPhase;
			buildActionMask = 2147483647;
			files = (
				D460BDB520B7028200571CDD /* AppDelegate.swift in Sources */,
			);
			runOnlyForDeploymentPostprocessing = 0;
		};
/* End PBXSourcesBuildPhase section */

/* Begin PBXVariantGroup section */
		D460BDB820B7028300571CDD /* MainMenu.xib */ = {
			isa = PBXVariantGroup;
			children = (
				D460BDB920B7028300571CDD /* Base */,
			);
			name = MainMenu.xib;
			sourceTree = "<group>";
		};
/* End PBXVariantGroup section */

/* Begin XCBuildConfiguration section */
		D460BDBD20B7028300571CDD /* Debug */ = {
			isa = XCBuildConfiguration;
			buildSettings = {
				ALWAYS_SEARCH_USER_PATHS = NO;
				CLANG_ANALYZER_NONNULL = YES;
				CLANG_ANALYZER_NUMBER_OBJECT_CONVERSION = YES_AGGRESSIVE;
				CLANG_CXX_LANGUAGE_STANDARD = "gnu++14";
				CLANG_CXX_LIBRARY = "libc++";
				CLANG_ENABLE_MODULES = YES;
				CLANG_ENABLE_OBJC_ARC = YES;
				CLANG_ENABLE_OBJC_WEAK = YES;
				CLANG_WARN_BLOCK_CAPTURE_AUTORELEASING = YES;
				CLANG_WARN_BOOL_CONVERSION = YES;
				CLANG_WARN_COMMA = YES;
				CLANG_WARN_CONSTANT_CONVERSION = YES;
				CLANG_WARN_DEPRECATED_OBJC_IMPLEMENTATIONS = YES;
				CLANG_WARN_DIRECT_OBJC_ISA_USAGE = YES_ERROR;
				CLANG_WARN_DOCUMENTATION_COMMENTS = YES;
				CLANG_WARN_EMPTY_BODY = YES;
				CLANG_WARN_ENUM_CONVERSION = YES;
				CLANG_WARN_INFINITE_RECURSION = YES;
				CLANG_WARN_INT_CONVERSION = YES;
				CLANG_WARN_NON_LITERAL_NULL_CONVERSION = YES;
				CLANG_WARN_OBJC_IMPLICIT_RETAIN_SELF = YES;
				CLANG_WARN_OBJC_LITERAL_CONVERSION = YES;
				CLANG_WARN_OBJC_ROOT_CLASS = YES_ERROR;
				CLANG_WARN_RANGE_LOOP_ANALYSIS = YES;
				CLANG_WARN_STRICT_PROTOTYPES = YES;
				CLANG_WARN_SUSPICIOUS_MOVE = YES;
				CLANG_WARN_UNGUARDED_AVAILABILITY = YES_AGGRESSIVE;
				CLANG_WARN_UNREACHABLE_CODE = YES;
				CLANG_WARN__DUPLICATE_METHOD_MATCH = YES;
				CODE_SIGN_IDENTITY = "Mac Developer";
				COPY_PHASE_STRIP = NO;
				DEBUG_INFORMATION_FORMAT = dwarf;
				ENABLE_STRICT_OBJC_MSGSEND = YES;
				ENABLE_TESTABILITY = YES;
				GCC_C_LANGUAGE_STANDARD = gnu11;
				GCC_DYNAMIC_NO_PIC = NO;
				GCC_NO_COMMON_BLOCKS = YES;
				GCC_OPTIMIZATION_LEVEL = 0;
				GCC_PREPROCESSOR_DEFINITIONS = (
					"DEBUG=1",
					"$(inherited)",
				);
				GCC_WARN_64_TO_32_BIT_CONVERSION = YES;
				GCC_WARN_ABOUT_RETURN_TYPE = YES_ERROR;
				GCC_WARN_UNDECLARED_SELECTOR = YES;
				GCC_WARN_UNINITIALIZED_AUTOS = YES_AGGRESSIVE;
				GCC_WARN_UNUSED_FUNCTION = YES;
				GCC_WARN_UNUSED_VARIABLE = YES;
				MACOSX_DEPLOYMENT_TARGET = 10.13;
				MTL_ENABLE_DEBUG_INFO = YES;
				ONLY_ACTIVE_ARCH = YES;
				SDKROOT = macosx;
				SWIFT_ACTIVE_COMPILATION_CONDITIONS = DEBUG;
				SWIFT_OPTIMIZATION_LEVEL = "-Onone";
			};
			name = Debug;
		};
		D460BDBE20B7028300571CDD /* Release */ = {
			isa = XCBuildConfiguration;
			buildSettings = {
				ALWAYS_SEARCH_USER_PATHS = NO;
				CLANG_ANALYZER_NONNULL = YES;
				CLANG_ANALYZER_NUMBER_OBJECT_CONVERSION = YES_AGGRESSIVE;
				CLANG_CXX_LANGUAGE_STANDARD = "gnu++14";
				CLANG_CXX_LIBRARY = "libc++";
				CLANG_ENABLE_MODULES = YES;
				CLANG_ENABLE_OBJC_ARC = YES;
				CLANG_ENABLE_OBJC_WEAK = YES;
				CLANG_WARN_BLOCK_CAPTURE_AUTORELEASING = YES;
				CLANG_WARN_BOOL_CONVERSION = YES;
				CLANG_WARN_COMMA = YES;
				CLANG_WARN_CONSTANT_CONVERSION = YES;
				CLANG_WARN_DEPRECATED_OBJC_IMPLEMENTATIONS = YES;
				CLANG_WARN_DIRECT_OBJC_ISA_USAGE = YES_ERROR;
				CLANG_WARN_DOCUMENTATION_COMMENTS = YES;
				CLANG_WARN_EMPTY_BODY = YES;
				CLANG_WARN_ENUM_CONVERSION = YES;
				CLANG_WARN_INFINITE_RECURSION = YES;
				CLANG_WARN_INT_CONVERSION = YES;
				CLANG_WARN_NON_LITERAL_NULL_CONVERSION = YES;
				CLANG_WARN_OBJC_IMPLICIT_RETAIN_SELF = YES;
				CLANG_WARN_OBJC_LITERAL_CONVERSION = YES;
				CLANG_WARN_OBJC_ROOT_CLASS = YES_ERROR;
				CLANG_WARN_RANGE_LOOP_ANALYSIS = YES;
				CLANG_WARN_STRICT_PROTOTYPES = YES;
				CLANG_WARN_SUSPICIOUS_MOVE = YES;
				CLANG_WARN_UNGUARDED_AVAILABILITY = YES_AGGRESSIVE;
				CLANG_WARN_UNREACHABLE_CODE = YES;
				CLANG_WARN__DUPLICATE_METHOD_MATCH = YES;
				CODE_SIGN_IDENTITY = "Mac Developer";
				COPY_PHASE_STRIP = NO;
				DEBUG_INFORMATION_FORMAT = "dwarf-with-dsym";
				ENABLE_NS_ASSERTIONS = NO;
				ENABLE_STRICT_OBJC_MSGSEND = YES;
				GCC_C_LANGUAGE_STANDARD = gnu11;
				GCC_NO_COMMON_BLOCKS = YES;
				GCC_WARN_64_TO_32_BIT_CONVERSION = YES;
				GCC_WARN_ABOUT_RETURN_TYPE = YES_ERROR;
				GCC_WARN_UNDECLARED_SELECTOR = YES;
				GCC_WARN_UNINITIALIZED_AUTOS = YES_AGGRESSIVE;
				GCC_WARN_UNUSED_FUNCTION = YES;
				GCC_WARN_UNUSED_VARIABLE = YES;
				MACOSX_DEPLOYMENT_TARGET = 10.13;
				MTL_ENABLE_DEBUG_INFO = NO;
				SDKROOT = macosx;
				SWIFT_COMPILATION_MODE = wholemodule;
				SWIFT_OPTIMIZATION_LEVEL = "-O";
			};
			name = Release;
		};
		D460BDC020B7028300571CDD /* Debug */ = {
			isa = XCBuildConfiguration;
			baseConfigurationReference = B8A233ABB4D90DD94C904D9F /* Pods-RocksPodmacOS.debug.xcconfig */;
			buildSettings = {
				ASSETCATALOG_COMPILER_APPICON_NAME = AppIcon;
				CODE_SIGN_ENTITLEMENTS = RocksPodmacOS/RocksPodmacOS.entitlements;
				CODE_SIGN_STYLE = Automatic;
				COMBINE_HIDPI_IMAGES = YES;
				DEVELOPMENT_TEAM = 7V68668DJN;
				INFOPLIST_FILE = RocksPodmacOS/Info.plist;
				LD_RUNPATH_SEARCH_PATHS = (
					"$(inherited)",
					"@executable_path/../Frameworks",
				);
				MACOSX_DEPLOYMENT_TARGET = 10.10;
				PRODUCT_BUNDLE_IDENTIFIER = com.rocksdb.RocksPodmacOS;
				PRODUCT_NAME = "$(TARGET_NAME)";
				SWIFT_VERSION = 4.0;
			};
			name = Debug;
		};
		D460BDC120B7028300571CDD /* Release */ = {
			isa = XCBuildConfiguration;
			baseConfigurationReference = 8F9444B64D188D3DF0B3642C /* Pods-RocksPodmacOS.release.xcconfig */;
			buildSettings = {
				ASSETCATALOG_COMPILER_APPICON_NAME = AppIcon;
				CODE_SIGN_ENTITLEMENTS = RocksPodmacOS/RocksPodmacOS.entitlements;
				CODE_SIGN_STYLE = Automatic;
				COMBINE_HIDPI_IMAGES = YES;
				DEVELOPMENT_TEAM = 7V68668DJN;
				INFOPLIST_FILE = RocksPodmacOS/Info.plist;
				LD_RUNPATH_SEARCH_PATHS = (
					"$(inherited)",
					"@executable_path/../Frameworks",
				);
				MACOSX_DEPLOYMENT_TARGET = 10.10;
				PRODUCT_BUNDLE_IDENTIFIER = com.rocksdb.RocksPodmacOS;
				PRODUCT_NAME = "$(TARGET_NAME)";
				SWIFT_VERSION = 4.0;
			};
			name = Release;
		};
/* End XCBuildConfiguration section */

/* Begin XCConfigurationList section */
		D460BDAC20B7028200571CDD /* Build configuration list for PBXProject "RocksPodmacOS" */ = {
			isa = XCConfigurationList;
			buildConfigurations = (
				D460BDBD20B7028300571CDD /* Debug */,
				D460BDBE20B7028300571CDD /* Release */,
			);
			defaultConfigurationIsVisible = 0;
			defaultConfigurationName = Release;
		};
		D460BDBF20B7028300571CDD /* Build configuration list for PBXNativeTarget "RocksPodmacOS" */ = {
			isa = XCConfigurationList;
			buildConfigurations = (
				D460BDC020B7028300571CDD /* Debug */,
				D460BDC120B7028300571CDD /* Release */,
			);
			defaultConfigurationIsVisible = 0;
			defaultConfigurationName = Release;
		};
/* End XCConfigurationList section */
	};
	rootObject = D460BDA920B7028200571CDD /* Project object */;
}
